
Microsoft Visual Studio Solution File, Format Version 12.00
# Visual Studio Version 16
VisualStudioVersion = 16.0.30128.74
MinimumVisualStudioVersion = 10.0.40219.1
Project("{9A19103F-16F7-4668-BE54-9A1E7A4F7556}") = "BransonSolutions.LMS.CourseInformation", "BransonSolutions.LMS.CourseInformation\BransonSolutions.LMS.CourseInformation.csproj", "{8F0D19E6-D733-4C29-8B71-F973A7E8448C}"
EndProject
Project("{9A19103F-16F7-4668-BE54-9A1E7A4F7556}") = "BransonSolutions.LMS.CourseInformation.Test", "BransonSolutions.LMS.Course.Test\BransonSolutions.LMS.CourseInformation.Test.csproj", "{C12488E9-7203-46CC-978C-EC70C13B250C}"
EndProject
Global
	GlobalSection(SolutionConfigurationPlatforms) = preSolution
		Debug|Any CPU = Debug|Any CPU
		Release|Any CPU = Release|Any CPU
	EndGlobalSection
	GlobalSection(ProjectConfigurationPlatforms) = postSolution
		{8F0D19E6-D733-4C29-8B71-F973A7E8448C}.Debug|Any CPU.ActiveCfg = Debug|Any CPU
		{8F0D19E6-D733-4C29-8B71-F973A7E8448C}.Debug|Any CPU.Build.0 = Debug|Any CPU
		{8F0D19E6-D733-4C29-8B71-F973A7E8448C}.Release|Any CPU.ActiveCfg = Release|Any CPU
		{8F0D19E6-D733-4C29-8B71-F973A7E8448C}.Release|Any CPU.Build.0 = Release|Any CPU
		{C12488E9-7203-46CC-978C-EC70C13B250C}.Debug|Any CPU.ActiveCfg = Debug|Any CPU
		{C12488E9-7203-46CC-978C-EC70C13B250C}.Debug|Any CPU.Build.0 = Debug|Any CPU
		{C12488E9-7203-46CC-978C-EC70C13B250C}.Release|Any CPU.ActiveCfg = Release|Any CPU
		{C12488E9-7203-46CC-978C-EC70C13B250C}.Release|Any CPU.Build.0 = Release|Any CPU
	EndGlobalSection
	GlobalSection(SolutionProperties) = preSolution
		HideSolutionNode = FALSE
	EndGlobalSection
	GlobalSection(ExtensibilityGlobals) = postSolution
		SolutionGuid = {29FA22D9-7E8F-49D4-B5BF-A1B403FE66CE}
	EndGlobalSection
EndGlobal
